// !$*UTF8*$!
{
	archiveVersion = 1;
	classes = {
	};
	objectVersion = 46;
	objects = {

/* Begin PBXBuildFile section */
		AE55CDCF18DA35160015E03B /* Foundation.framework in Frameworks */ = {isa = PBXBuildFile; fileRef = AE55CDCE18DA35160015E03B /* Foundation.framework */; };
		AE55CDD118DA35160015E03B /* CoreGraphics.framework in Frameworks */ = {isa = PBXBuildFile; fileRef = AE55CDD018DA35160015E03B /* CoreGraphics.framework */; };
		AE55CDD318DA35160015E03B /* UIKit.framework in Frameworks */ = {isa = PBXBuildFile; fileRef = AE55CDD218DA35160015E03B /* UIKit.framework */; };
		AE55CDD918DA35160015E03B /* InfoPlist.strings in Resources */ = {isa = PBXBuildFile; fileRef = AE55CDD718DA35160015E03B /* InfoPlist.strings */; };
		AE55CDDB18DA35160015E03B /* main.m in Sources */ = {isa = PBXBuildFile; fileRef = AE55CDDA18DA35160015E03B /* main.m */; };
		AE55CDDF18DA35160015E03B /* CRYAppDelegate.m in Sources */ = {isa = PBXBuildFile; fileRef = AE55CDDE18DA35160015E03B /* CRYAppDelegate.m */; };
		AE55CDE218DA35160015E03B /* Main_iPhone.storyboard in Resources */ = {isa = PBXBuildFile; fileRef = AE55CDE018DA35160015E03B /* Main_iPhone.storyboard */; };
		AE55CDE518DA35160015E03B /* Main_iPad.storyboard in Resources */ = {isa = PBXBuildFile; fileRef = AE55CDE318DA35160015E03B /* Main_iPad.storyboard */; };
		AE55CDE818DA35160015E03B /* CRYViewController.m in Sources */ = {isa = PBXBuildFile; fileRef = AE55CDE718DA35160015E03B /* CRYViewController.m */; };
		AE55CDEA18DA35160015E03B /* Images.xcassets in Resources */ = {isa = PBXBuildFile; fileRef = AE55CDE918DA35160015E03B /* Images.xcassets */; };
		AE55CDF118DA35160015E03B /* XCTest.framework in Frameworks */ = {isa = PBXBuildFile; fileRef = AE55CDF018DA35160015E03B /* XCTest.framework */; };
		AE55CDF218DA35160015E03B /* Foundation.framework in Frameworks */ = {isa = PBXBuildFile; fileRef = AE55CDCE18DA35160015E03B /* Foundation.framework */; };
		AE55CDF318DA35160015E03B /* UIKit.framework in Frameworks */ = {isa = PBXBuildFile; fileRef = AE55CDD218DA35160015E03B /* UIKit.framework */; };
		AE55CDFB18DA35160015E03B /* InfoPlist.strings in Resources */ = {isa = PBXBuildFile; fileRef = AE55CDF918DA35160015E03B /* InfoPlist.strings */; };
		AE55CDFD18DA35160015E03B /* CrystalTests.m in Sources */ = {isa = PBXBuildFile; fileRef = AE55CDFC18DA35160015E03B /* CrystalTests.m */; };
		AE55CE0B18DA3A7A0015E03B /* CoreLocation.framework in Frameworks */ = {isa = PBXBuildFile; fileRef = AE55CE0A18DA3A7A0015E03B /* CoreLocation.framework */; };
		AE55CE0D18DA3A7F0015E03B /* CoreBluetooth.framework in Frameworks */ = {isa = PBXBuildFile; fileRef = AE55CE0C18DA3A7F0015E03B /* CoreBluetooth.framework */; };
		AE55CE0F18DA3D990015E03B /* SystemConfiguration.framework in Frameworks */ = {isa = PBXBuildFile; fileRef = AE55CE0E18DA3D990015E03B /* SystemConfiguration.framework */; };
/* End PBXBuildFile section */

/* Begin PBXContainerItemProxy section */
		AE55CDF418DA35160015E03B /* PBXContainerItemProxy */ = {
			isa = PBXContainerItemProxy;
			containerPortal = AE55CDC318DA35160015E03B /* Project object */;
			proxyType = 1;
			remoteGlobalIDString = AE55CDCA18DA35160015E03B;
			remoteInfo = Crystal;
		};
/* End PBXContainerItemProxy section */

/* Begin PBXFileReference section */
		AE55CDCB18DA35160015E03B /* Crystal.app */ = {isa = PBXFileReference; explicitFileType = wrapper.application; includeInIndex = 0; path = Crystal.app; sourceTree = BUILT_PRODUCTS_DIR; };
		AE55CDCE18DA35160015E03B /* Foundation.framework */ = {isa = PBXFileReference; lastKnownFileType = wrapper.framework; name = Foundation.framework; path = System/Library/Frameworks/Foundation.framework; sourceTree = SDKROOT; };
		AE55CDD018DA35160015E03B /* CoreGraphics.framework */ = {isa = PBXFileReference; lastKnownFileType = wrapper.framework; name = CoreGraphics.framework; path = System/Library/Frameworks/CoreGraphics.framework; sourceTree = SDKROOT; };
		AE55CDD218DA35160015E03B /* UIKit.framework */ = {isa = PBXFileReference; lastKnownFileType = wrapper.framework; name = UIKit.framework; path = System/Library/Frameworks/UIKit.framework; sourceTree = SDKROOT; };
		AE55CDD618DA35160015E03B /* Crystal-Info.plist */ = {isa = PBXFileReference; lastKnownFileType = text.plist.xml; path = "Crystal-Info.plist"; sourceTree = "<group>"; };
		AE55CDD818DA35160015E03B /* en */ = {isa = PBXFileReference; lastKnownFileType = text.plist.strings; name = en; path = en.lproj/InfoPlist.strings; sourceTree = "<group>"; };
		AE55CDDA18DA35160015E03B /* main.m */ = {isa = PBXFileReference; lastKnownFileType = sourcecode.c.objc; path = main.m; sourceTree = "<group>"; };
		AE55CDDC18DA35160015E03B /* Crystal-Prefix.pch */ = {isa = PBXFileReference; lastKnownFileType = sourcecode.c.h; path = "Crystal-Prefix.pch"; sourceTree = "<group>"; };
		AE55CDDD18DA35160015E03B /* CRYAppDelegate.h */ = {isa = PBXFileReference; lastKnownFileType = sourcecode.c.h; path = CRYAppDelegate.h; sourceTree = "<group>"; };
		AE55CDDE18DA35160015E03B /* CRYAppDelegate.m */ = {isa = PBXFileReference; lastKnownFileType = sourcecode.c.objc; path = CRYAppDelegate.m; sourceTree = "<group>"; };
		AE55CDE118DA35160015E03B /* Base */ = {isa = PBXFileReference; lastKnownFileType = file.storyboard; name = Base; path = Base.lproj/Main_iPhone.storyboard; sourceTree = "<group>"; };
		AE55CDE418DA35160015E03B /* Base */ = {isa = PBXFileReference; lastKnownFileType = file.storyboard; name = Base; path = Base.lproj/Main_iPad.storyboard; sourceTree = "<group>"; };
		AE55CDE618DA35160015E03B /* CRYViewController.h */ = {isa = PBXFileReference; lastKnownFileType = sourcecode.c.h; path = CRYViewController.h; sourceTree = "<group>"; };
		AE55CDE718DA35160015E03B /* CRYViewController.m */ = {isa = PBXFileReference; lastKnownFileType = sourcecode.c.objc; path = CRYViewController.m; sourceTree = "<group>"; };
		AE55CDE918DA35160015E03B /* Images.xcassets */ = {isa = PBXFileReference; lastKnownFileType = folder.assetcatalog; path = Images.xcassets; sourceTree = "<group>"; };
		AE55CDEF18DA35160015E03B /* CrystalTests.xctest */ = {isa = PBXFileReference; explicitFileType = wrapper.cfbundle; includeInIndex = 0; path = CrystalTests.xctest; sourceTree = BUILT_PRODUCTS_DIR; };
		AE55CDF018DA35160015E03B /* XCTest.framework */ = {isa = PBXFileReference; lastKnownFileType = wrapper.framework; name = XCTest.framework; path = Library/Frameworks/XCTest.framework; sourceTree = DEVELOPER_DIR; };
		AE55CDF818DA35160015E03B /* CrystalTests-Info.plist */ = {isa = PBXFileReference; lastKnownFileType = text.plist.xml; path = "CrystalTests-Info.plist"; sourceTree = "<group>"; };
		AE55CDFA18DA35160015E03B /* en */ = {isa = PBXFileReference; lastKnownFileType = text.plist.strings; name = en; path = en.lproj/InfoPlist.strings; sourceTree = "<group>"; };
		AE55CDFC18DA35160015E03B /* CrystalTests.m */ = {isa = PBXFileReference; lastKnownFileType = sourcecode.c.objc; path = CrystalTests.m; sourceTree = "<group>"; };
		AE55CE0A18DA3A7A0015E03B /* CoreLocation.framework */ = {isa = PBXFileReference; lastKnownFileType = wrapper.framework; name = CoreLocation.framework; path = System/Library/Frameworks/CoreLocation.framework; sourceTree = SDKROOT; };
		AE55CE0C18DA3A7F0015E03B /* CoreBluetooth.framework */ = {isa = PBXFileReference; lastKnownFileType = wrapper.framework; name = CoreBluetooth.framework; path = System/Library/Frameworks/CoreBluetooth.framework; sourceTree = SDKROOT; };
		AE55CE0E18DA3D990015E03B /* SystemConfiguration.framework */ = {isa = PBXFileReference; lastKnownFileType = wrapper.framework; name = SystemConfiguration.framework; path = System/Library/Frameworks/SystemConfiguration.framework; sourceTree = SDKROOT; };
/* End PBXFileReference section */

/* Begin PBXFrameworksBuildPhase section */
		AE55CDC818DA35160015E03B /* Frameworks */ = {
			isa = PBXFrameworksBuildPhase;
			buildActionMask = 2147483647;
			files = (
				AE55CE0F18DA3D990015E03B /* SystemConfiguration.framework in Frameworks */,
				AE55CE0D18DA3A7F0015E03B /* CoreBluetooth.framework in Frameworks */,
				AE55CE0B18DA3A7A0015E03B /* CoreLocation.framework in Frameworks */,
				AE55CDD118DA35160015E03B /* CoreGraphics.framework in Frameworks */,
				AE55CDD318DA35160015E03B /* UIKit.framework in Frameworks */,
				AE55CDCF18DA35160015E03B /* Foundation.framework in Frameworks */,
			);
			runOnlyForDeploymentPostprocessing = 0;
		};
		AE55CDEC18DA35160015E03B /* Frameworks */ = {
			isa = PBXFrameworksBuildPhase;
			buildActionMask = 2147483647;
			files = (
				AE55CDF118DA35160015E03B /* XCTest.framework in Frameworks */,
				AE55CDF318DA35160015E03B /* UIKit.framework in Frameworks */,
				AE55CDF218DA35160015E03B /* Foundation.framework in Frameworks */,
			);
			runOnlyForDeploymentPostprocessing = 0;
		};
/* End PBXFrameworksBuildPhase section */

/* Begin PBXGroup section */
		AE55CDC218DA35160015E03B = {
			isa = PBXGroup;
			children = (
				AE55CDD418DA35160015E03B /* Crystal */,
				AE55CDF618DA35160015E03B /* CrystalTests */,
				AE55CDCD18DA35160015E03B /* Frameworks */,
				AE55CDCC18DA35160015E03B /* Products */,
			);
			sourceTree = "<group>";
		};
		AE55CDCC18DA35160015E03B /* Products */ = {
			isa = PBXGroup;
			children = (
				AE55CDCB18DA35160015E03B /* Crystal.app */,
				AE55CDEF18DA35160015E03B /* CrystalTests.xctest */,
			);
			name = Products;
			sourceTree = "<group>";
		};
		AE55CDCD18DA35160015E03B /* Frameworks */ = {
			isa = PBXGroup;
			children = (
				AE55CE0E18DA3D990015E03B /* SystemConfiguration.framework */,
				AE55CE0C18DA3A7F0015E03B /* CoreBluetooth.framework */,
				AE55CE0A18DA3A7A0015E03B /* CoreLocation.framework */,
				AE55CDCE18DA35160015E03B /* Foundation.framework */,
				AE55CDD018DA35160015E03B /* CoreGraphics.framework */,
				AE55CDD218DA35160015E03B /* UIKit.framework */,
				AE55CDF018DA35160015E03B /* XCTest.framework */,
			);
			name = Frameworks;
			sourceTree = "<group>";
		};
		AE55CDD418DA35160015E03B /* Crystal */ = {
			isa = PBXGroup;
			children = (
				AE55CE0718DA35590015E03B /* AppDelegate */,
				AE55CE0818DA35680015E03B /* Controller */,
				AE55CDE618DA35160015E03B /* CRYViewController.h */,
				AE55CDE718DA35160015E03B /* CRYViewController.m */,
				AE55CE0918DA35740015E03B /* Images */,
				AE55CDE918DA35160015E03B /* Images.xcassets */,
				AE55CDE318DA35160015E03B /* Main_iPad.storyboard */,
				AE55CDE018DA35160015E03B /* Main_iPhone.storyboard */,
				AE55CDD518DA35160015E03B /* Supporting Files */,
				AE55CE0618DA35540015E03B /* View */,
			);
			path = Crystal;
			sourceTree = "<group>";
		};
		AE55CDD518DA35160015E03B /* Supporting Files */ = {
			isa = PBXGroup;
			children = (
				AE55CDD618DA35160015E03B /* Crystal-Info.plist */,
				AE55CDD718DA35160015E03B /* InfoPlist.strings */,
				AE55CDDA18DA35160015E03B /* main.m */,
				AE55CDDC18DA35160015E03B /* Crystal-Prefix.pch */,
			);
			name = "Supporting Files";
			sourceTree = "<group>";
		};
		AE55CDF618DA35160015E03B /* CrystalTests */ = {
			isa = PBXGroup;
			children = (
				AE55CDFC18DA35160015E03B /* CrystalTests.m */,
				AE55CDF718DA35160015E03B /* Supporting Files */,
			);
			path = CrystalTests;
			sourceTree = "<group>";
		};
		AE55CDF718DA35160015E03B /* Supporting Files */ = {
			isa = PBXGroup;
			children = (
				AE55CDF818DA35160015E03B /* CrystalTests-Info.plist */,
				AE55CDF918DA35160015E03B /* InfoPlist.strings */,
			);
			name = "Supporting Files";
			sourceTree = "<group>";
		};
		AE55CE0618DA35540015E03B /* View */ = {
			isa = PBXGroup;
			children = (
			);
			name = View;
			sourceTree = "<group>";
		};
		AE55CE0718DA35590015E03B /* AppDelegate */ = {
			isa = PBXGroup;
			children = (
				AE55CDDD18DA35160015E03B /* CRYAppDelegate.h */,
				AE55CDDE18DA35160015E03B /* CRYAppDelegate.m */,
			);
			name = AppDelegate;
			sourceTree = "<group>";
		};
		AE55CE0818DA35680015E03B /* Controller */ = {
			isa = PBXGroup;
			children = (
			);
			name = Controller;
			sourceTree = "<group>";
		};
		AE55CE0918DA35740015E03B /* Images */ = {
			isa = PBXGroup;
			children = (
			);
			name = Images;
			sourceTree = "<group>";
		};
/* End PBXGroup section */

/* Begin PBXNativeTarget section */
		AE55CDCA18DA35160015E03B /* Crystal */ = {
			isa = PBXNativeTarget;
			buildConfigurationList = AE55CE0018DA35160015E03B /* Build configuration list for PBXNativeTarget "Crystal" */;
			buildPhases = (
				AE55CDC718DA35160015E03B /* Sources */,
				AE55CDC818DA35160015E03B /* Frameworks */,
				AE55CDC918DA35160015E03B /* Resources */,
			);
			buildRules = (
			);
			dependencies = (
			);
			name = Crystal;
			productName = Crystal;
			productReference = AE55CDCB18DA35160015E03B /* Crystal.app */;
			productType = "com.apple.product-type.application";
		};
		AE55CDEE18DA35160015E03B /* CrystalTests */ = {
			isa = PBXNativeTarget;
			buildConfigurationList = AE55CE0318DA35160015E03B /* Build configuration list for PBXNativeTarget "CrystalTests" */;
			buildPhases = (
				AE55CDEB18DA35160015E03B /* Sources */,
				AE55CDEC18DA35160015E03B /* Frameworks */,
				AE55CDED18DA35160015E03B /* Resources */,
			);
			buildRules = (
			);
			dependencies = (
				AE55CDF518DA35160015E03B /* PBXTargetDependency */,
			);
			name = CrystalTests;
			productName = CrystalTests;
			productReference = AE55CDEF18DA35160015E03B /* CrystalTests.xctest */;
			productType = "com.apple.product-type.bundle.unit-test";
		};
/* End PBXNativeTarget section */

/* Begin PBXProject section */
		AE55CDC318DA35160015E03B /* Project object */ = {
			isa = PBXProject;
			attributes = {
				CLASSPREFIX = CRY;
				LastUpgradeCheck = 0510;
				ORGANIZATIONNAME = "Crystal Corp.";
				TargetAttributes = {
					AE55CDEE18DA35160015E03B = {
						TestTargetID = AE55CDCA18DA35160015E03B;
					};
				};
			};
			buildConfigurationList = AE55CDC618DA35160015E03B /* Build configuration list for PBXProject "Crystal" */;
			compatibilityVersion = "Xcode 3.2";
			developmentRegion = English;
			hasScannedForEncodings = 0;
			knownRegions = (
				en,
				Base,
			);
			mainGroup = AE55CDC218DA35160015E03B;
			productRefGroup = AE55CDCC18DA35160015E03B /* Products */;
			projectDirPath = "";
			projectRoot = "";
			targets = (
				AE55CDCA18DA35160015E03B /* Crystal */,
				AE55CDEE18DA35160015E03B /* CrystalTests */,
			);
		};
/* End PBXProject section */

/* Begin PBXResourcesBuildPhase section */
		AE55CDC918DA35160015E03B /* Resources */ = {
			isa = PBXResourcesBuildPhase;
			buildActionMask = 2147483647;
			files = (
				AE55CDE518DA35160015E03B /* Main_iPad.storyboard in Resources */,
				AE55CDEA18DA35160015E03B /* Images.xcassets in Resources */,
				AE55CDE218DA35160015E03B /* Main_iPhone.storyboard in Resources */,
				AE55CDD918DA35160015E03B /* InfoPlist.strings in Resources */,
			);
			runOnlyForDeploymentPostprocessing = 0;
		};
		AE55CDED18DA35160015E03B /* Resources */ = {
			isa = PBXResourcesBuildPhase;
			buildActionMask = 2147483647;
			files = (
				AE55CDFB18DA35160015E03B /* InfoPlist.strings in Resources */,
			);
			runOnlyForDeploymentPostprocessing = 0;
		};
/* End PBXResourcesBuildPhase section */

/* Begin PBXSourcesBuildPhase section */
		AE55CDC718DA35160015E03B /* Sources */ = {
			isa = PBXSourcesBuildPhase;
			buildActionMask = 2147483647;
			files = (
				AE55CDDB18DA35160015E03B /* main.m in Sources */,
				AE55CDDF18DA35160015E03B /* CRYAppDelegate.m in Sources */,
				AE55CDE818DA35160015E03B /* CRYViewController.m in Sources */,
			);
			runOnlyForDeploymentPostprocessing = 0;
		};
		AE55CDEB18DA35160015E03B /* Sources */ = {
			isa = PBXSourcesBuildPhase;
			buildActionMask = 2147483647;
			files = (
				AE55CDFD18DA35160015E03B /* CrystalTests.m in Sources */,
			);
			runOnlyForDeploymentPostprocessing = 0;
		};
/* End PBXSourcesBuildPhase section */

/* Begin PBXTargetDependency section */
		AE55CDF518DA35160015E03B /* PBXTargetDependency */ = {
			isa = PBXTargetDependency;
			target = AE55CDCA18DA35160015E03B /* Crystal */;
			targetProxy = AE55CDF418DA35160015E03B /* PBXContainerItemProxy */;
		};
/* End PBXTargetDependency section */

/* Begin PBXVariantGroup section */
		AE55CDD718DA35160015E03B /* InfoPlist.strings */ = {
			isa = PBXVariantGroup;
			children = (
				AE55CDD818DA35160015E03B /* en */,
			);
			name = InfoPlist.strings;
			sourceTree = "<group>";
		};
		AE55CDE018DA35160015E03B /* Main_iPhone.storyboard */ = {
			isa = PBXVariantGroup;
			children = (
				AE55CDE118DA35160015E03B /* Base */,
			);
			name = Main_iPhone.storyboard;
			sourceTree = "<group>";
		};
		AE55CDE318DA35160015E03B /* Main_iPad.storyboard */ = {
			isa = PBXVariantGroup;
			children = (
				AE55CDE418DA35160015E03B /* Base */,
			);
			name = Main_iPad.storyboard;
			sourceTree = "<group>";
		};
		AE55CDF918DA35160015E03B /* InfoPlist.strings */ = {
			isa = PBXVariantGroup;
			children = (
				AE55CDFA18DA35160015E03B /* en */,
			);
			name = InfoPlist.strings;
			sourceTree = "<group>";
		};
/* End PBXVariantGroup section */

/* Begin XCBuildConfiguration section */
		AE55CDFE18DA35160015E03B /* Debug */ = {
			isa = XCBuildConfiguration;
			buildSettings = {
				ALWAYS_SEARCH_USER_PATHS = NO;
				CLANG_CXX_LANGUAGE_STANDARD = "gnu++0x";
				CLANG_CXX_LIBRARY = "libc++";
				CLANG_ENABLE_MODULES = YES;
				CLANG_ENABLE_OBJC_ARC = YES;
				CLANG_WARN_BOOL_CONVERSION = YES;
				CLANG_WARN_CONSTANT_CONVERSION = YES;
				CLANG_WARN_DIRECT_OBJC_ISA_USAGE = YES_ERROR;
				CLANG_WARN_EMPTY_BODY = YES;
				CLANG_WARN_ENUM_CONVERSION = YES;
				CLANG_WARN_INT_CONVERSION = YES;
				CLANG_WARN_OBJC_ROOT_CLASS = YES_ERROR;
				CLANG_WARN__DUPLICATE_METHOD_MATCH = YES;
				"CODE_SIGN_IDENTITY[sdk=iphoneos*]" = "iPhone Developer";
				COPY_PHASE_STRIP = NO;
				GCC_C_LANGUAGE_STANDARD = gnu99;
				GCC_DYNAMIC_NO_PIC = NO;
				GCC_OPTIMIZATION_LEVEL = 0;
				GCC_PREPROCESSOR_DEFINITIONS = (
					"DEBUG=1",
					"$(inherited)",
				);
				GCC_SYMBOLS_PRIVATE_EXTERN = NO;
				GCC_WARN_64_TO_32_BIT_CONVERSION = YES;
				GCC_WARN_ABOUT_RETURN_TYPE = YES_ERROR;
				GCC_WARN_UNDECLARED_SELECTOR = YES;
				GCC_WARN_UNINITIALIZED_AUTOS = YES_AGGRESSIVE;
				GCC_WARN_UNUSED_FUNCTION = YES;
				GCC_WARN_UNUSED_VARIABLE = YES;
				IPHONEOS_DEPLOYMENT_TARGET = 7.1;
				ONLY_ACTIVE_ARCH = YES;
				SDKROOT = iphoneos;
				TARGETED_DEVICE_FAMILY = "1,2";
			};
			name = Debug;
		};
		AE55CDFF18DA35160015E03B /* Release */ = {
			isa = XCBuildConfiguration;
			buildSettings = {
				ALWAYS_SEARCH_USER_PATHS = NO;
				CLANG_CXX_LANGUAGE_STANDARD = "gnu++0x";
				CLANG_CXX_LIBRARY = "libc++";
				CLANG_ENABLE_MODULES = YES;
				CLANG_ENABLE_OBJC_ARC = YES;
				CLANG_WARN_BOOL_CONVERSION = YES;
				CLANG_WARN_CONSTANT_CONVERSION = YES;
				CLANG_WARN_DIRECT_OBJC_ISA_USAGE = YES_ERROR;
				CLANG_WARN_EMPTY_BODY = YES;
				CLANG_WARN_ENUM_CONVERSION = YES;
				CLANG_WARN_INT_CONVERSION = YES;
				CLANG_WARN_OBJC_ROOT_CLASS = YES_ERROR;
				CLANG_WARN__DUPLICATE_METHOD_MATCH = YES;
				"CODE_SIGN_IDENTITY[sdk=iphoneos*]" = "iPhone Developer";
				COPY_PHASE_STRIP = YES;
				ENABLE_NS_ASSERTIONS = NO;
				GCC_C_LANGUAGE_STANDARD = gnu99;
				GCC_WARN_64_TO_32_BIT_CONVERSION = YES;
				GCC_WARN_ABOUT_RETURN_TYPE = YES_ERROR;
				GCC_WARN_UNDECLARED_SELECTOR = YES;
				GCC_WARN_UNINITIALIZED_AUTOS = YES_AGGRESSIVE;
				GCC_WARN_UNUSED_FUNCTION = YES;
				GCC_WARN_UNUSED_VARIABLE = YES;
				IPHONEOS_DEPLOYMENT_TARGET = 7.1;
				SDKROOT = iphoneos;
				TARGETED_DEVICE_FAMILY = "1,2";
				VALIDATE_PRODUCT = YES;
			};
			name = Release;
		};
		AE55CE0118DA35160015E03B /* Debug */ = {
			isa = XCBuildConfiguration;
			buildSettings = {
				ASSETCATALOG_COMPILER_APPICON_NAME = AppIcon;
				ASSETCATALOG_COMPILER_LAUNCHIMAGE_NAME = LaunchImage;
				GCC_PRECOMPILE_PREFIX_HEADER = YES;
				GCC_PREFIX_HEADER = "Crystal/Crystal-Prefix.pch";
				INFOPLIST_FILE = "Crystal/Crystal-Info.plist";
				LIBRARY_SEARCH_PATHS = "$(inherited)";
				PRODUCT_NAME = "$(TARGET_NAME)";
				WRAPPER_EXTENSION = app;
			};
			name = Debug;
		};
		AE55CE0218DA35160015E03B /* Release */ = {
			isa = XCBuildConfiguration;
			buildSettings = {
				ASSETCATALOG_COMPILER_APPICON_NAME = AppIcon;
				ASSETCATALOG_COMPILER_LAUNCHIMAGE_NAME = LaunchImage;
				GCC_PRECOMPILE_PREFIX_HEADER = YES;
				GCC_PREFIX_HEADER = "Crystal/Crystal-Prefix.pch";
				INFOPLIST_FILE = "Crystal/Crystal-Info.plist";
				LIBRARY_SEARCH_PATHS = "$(inherited)";
				PRODUCT_NAME = "$(TARGET_NAME)";
				WRAPPER_EXTENSION = app;
			};
			name = Release;
		};
		AE55CE0418DA35160015E03B /* Debug */ = {
			isa = XCBuildConfiguration;
			buildSettings = {
				BUNDLE_LOADER = "$(BUILT_PRODUCTS_DIR)/Crystal.app/Crystal";
				FRAMEWORK_SEARCH_PATHS = (
					"$(SDKROOT)/Developer/Library/Frameworks",
					"$(inherited)",
					"$(DEVELOPER_FRAMEWORKS_DIR)",
				);
				GCC_PRECOMPILE_PREFIX_HEADER = YES;
				GCC_PREFIX_HEADER = "Crystal/Crystal-Prefix.pch";
				GCC_PREPROCESSOR_DEFINITIONS = (
					"DEBUG=1",
					"$(inherited)",
				);
				INFOPLIST_FILE = "CrystalTests/CrystalTests-Info.plist";
				PRODUCT_NAME = "$(TARGET_NAME)";
				TEST_HOST = "$(BUNDLE_LOADER)";
				WRAPPER_EXTENSION = xctest;
			};
			name = Debug;
		};
		AE55CE0518DA35160015E03B /* Release */ = {
			isa = XCBuildConfiguration;
			buildSettings = {
				BUNDLE_LOADER = "$(BUILT_PRODUCTS_DIR)/Crystal.app/Crystal";
				FRAMEWORK_SEARCH_PATHS = (
					"$(SDKROOT)/Developer/Library/Frameworks",
					"$(inherited)",
					"$(DEVELOPER_FRAMEWORKS_DIR)",
				);
				GCC_PRECOMPILE_PREFIX_HEADER = YES;
				GCC_PREFIX_HEADER = "Crystal/Crystal-Prefix.pch";
				INFOPLIST_FILE = "CrystalTests/CrystalTests-Info.plist";
				PRODUCT_NAME = "$(TARGET_NAME)";
				TEST_HOST = "$(BUNDLE_LOADER)";
				WRAPPER_EXTENSION = xctest;
			};
			name = Release;
		};
/* End XCBuildConfiguration section */

/* Begin XCConfigurationList section */
		AE55CDC618DA35160015E03B /* Build configuration list for PBXProject "Crystal" */ = {
			isa = XCConfigurationList;
			buildConfigurations = (
				AE55CDFE18DA35160015E03B /* Debug */,
				AE55CDFF18DA35160015E03B /* Release */,
			);
			defaultConfigurationIsVisible = 0;
			defaultConfigurationName = Release;
		};
		AE55CE0018DA35160015E03B /* Build configuration list for PBXNativeTarget "Crystal" */ = {
			isa = XCConfigurationList;
			buildConfigurations = (
				AE55CE0118DA35160015E03B /* Debug */,
				AE55CE0218DA35160015E03B /* Release */,
			);
			defaultConfigurationIsVisible = 0;
			defaultConfigurationName = Release;
		};
		AE55CE0318DA35160015E03B /* Build configuration list for PBXNativeTarget "CrystalTests" */ = {
			isa = XCConfigurationList;
			buildConfigurations = (
				AE55CE0418DA35160015E03B /* Debug */,
				AE55CE0518DA35160015E03B /* Release */,
			);
			defaultConfigurationIsVisible = 0;
			defaultConfigurationName = Release;
		};
/* End XCConfigurationList section */
	};
	rootObject = AE55CDC318DA35160015E03B /* Project object */;
}
